{
  "name": "befunge93_interpreter",
  "version": "1.0.0",
  "lockfileVersion": 3,
  "requires": true,
  "packages": {
    "": {
      "name": "befunge93_interpreter",
      "version": "1.0.0",
      "license": "MIT",
      "dependencies": {
        "befunge93": "^1.0.5"
      }
    },
    "node_modules/befunge93": {
      "version": "1.0.5",
      "resolved": "https://registry.npmjs.org/befunge93/-/befunge93-1.0.5.tgz",
      "integrity": "sha512-/6rl0nIovcgBzh/3dPsMceRV1Db7qL1t+yWiWIUjI1ElM3naQLegqnH9AMRXxEh3ghJ//1FL2X0vG1uZ6UWarQ=="
    }
  }
}
